
Microsoft Visual Studio Solution File, Format Version 12.00
# Visual Studio Version 16
VisualStudioVersion = 16.0.31702.278
MinimumVisualStudioVersion = 10.0.40219.1
Project("{FAE04EC0-301F-11D3-BF4B-00C04F79EFBC}") = "SERV_tema1_ej3", "SERV_tema1_ej3\SERV_tema1_ej3.csproj", "{F9F53A33-24EE-4E70-A1FD-D6D6944AB5E1}"
EndProject
Global
	GlobalSection(SolutionConfigurationPlatforms) = preSolution
		Debug|Any CPU = Debug|Any CPU
		Release|Any CPU = Release|Any CPU
	EndGlobalSection
	GlobalSection(ProjectConfigurationPlatforms) = postSolution
		{F9F53A33-24EE-4E70-A1FD-D6D6944AB5E1}.Debug|Any CPU.ActiveCfg = Debug|Any CPU
		{F9F53A33-24EE-4E70-A1FD-D6D6944AB5E1}.Debug|Any CPU.Build.0 = Debug|Any CPU
		{F9F53A33-24EE-4E70-A1FD-D6D6944AB5E1}.Release|Any CPU.ActiveCfg = Release|Any CPU
		{F9F53A33-24EE-4E70-A1FD-D6D6944AB5E1}.Release|Any CPU.Build.0 = Release|Any CPU
	EndGlobalSection
	GlobalSection(SolutionProperties) = preSolution
		HideSolutionNode = FALSE
	EndGlobalSection
	GlobalSection(ExtensibilityGlobals) = postSolution
		SolutionGuid = {789C74CD-5E6A-41B4-970F-8057F6DF6ACD}
	EndGlobalSection
EndGlobal
