
Microsoft Visual Studio Solution File, Format Version 12.00
# Visual Studio Version 16
VisualStudioVersion = 16.0.30517.126
MinimumVisualStudioVersion = 10.0.40219.1
Project("{FAE04EC0-301F-11D3-BF4B-00C04F79EFBC}") = "3EVA_SERV_ej4", "3EVA_SERV_ej4.csproj", "{BB0221F3-7B9C-4151-B4CA-A846E78767A0}"
EndProject
Global
	GlobalSection(SolutionConfigurationPlatforms) = preSolution
		Debug|Any CPU = Debug|Any CPU
		Release|Any CPU = Release|Any CPU
	EndGlobalSection
	GlobalSection(ProjectConfigurationPlatforms) = postSolution
		{BB0221F3-7B9C-4151-B4CA-A846E78767A0}.Debug|Any CPU.ActiveCfg = Debug|Any CPU
		{BB0221F3-7B9C-4151-B4CA-A846E78767A0}.Debug|Any CPU.Build.0 = Debug|Any CPU
		{BB0221F3-7B9C-4151-B4CA-A846E78767A0}.Release|Any CPU.ActiveCfg = Release|Any CPU
		{BB0221F3-7B9C-4151-B4CA-A846E78767A0}.Release|Any CPU.Build.0 = Release|Any CPU
	EndGlobalSection
	GlobalSection(SolutionProperties) = preSolution
		HideSolutionNode = FALSE
	EndGlobalSection
	GlobalSection(ExtensibilityGlobals) = postSolution
		SolutionGuid = {5B1E6E5A-1359-4458-96AB-FC80E689B8EC}
	EndGlobalSection
EndGlobal
