
Microsoft Visual Studio Solution File, Format Version 12.00
# Visual Studio Version 16
VisualStudioVersion = 16.0.30517.126
MinimumVisualStudioVersion = 10.0.40219.1
Project("{FAE04EC0-301F-11D3-BF4B-00C04F79EFBC}") = "SERV_tema3_ej5", "SERV_tema3_ej5.csproj", "{8331B0DC-7854-4D08-BB5A-05DA36DCAA08}"
EndProject
Global
	GlobalSection(SolutionConfigurationPlatforms) = preSolution
		Debug|Any CPU = Debug|Any CPU
		Release|Any CPU = Release|Any CPU
	EndGlobalSection
	GlobalSection(ProjectConfigurationPlatforms) = postSolution
		{8331B0DC-7854-4D08-BB5A-05DA36DCAA08}.Debug|Any CPU.ActiveCfg = Debug|Any CPU
		{8331B0DC-7854-4D08-BB5A-05DA36DCAA08}.Debug|Any CPU.Build.0 = Debug|Any CPU
		{8331B0DC-7854-4D08-BB5A-05DA36DCAA08}.Release|Any CPU.ActiveCfg = Release|Any CPU
		{8331B0DC-7854-4D08-BB5A-05DA36DCAA08}.Release|Any CPU.Build.0 = Release|Any CPU
	EndGlobalSection
	GlobalSection(SolutionProperties) = preSolution
		HideSolutionNode = FALSE
	EndGlobalSection
	GlobalSection(ExtensibilityGlobals) = postSolution
		SolutionGuid = {5AD83320-56A4-482F-BF7B-B020785716BF}
	EndGlobalSection
EndGlobal
