
Microsoft Visual Studio Solution File, Format Version 12.00
# Visual Studio Version 16
VisualStudioVersion = 16.0.31702.278
MinimumVisualStudioVersion = 10.0.40219.1
Project("{FAE04EC0-301F-11D3-BF4B-00C04F79EFBC}") = "SERV_tema2_ej2", "SERV_tema2_ej2\SERV_tema2_ej2.csproj", "{0C75D274-41DC-436C-8AA8-BC2D06758539}"
EndProject
Global
	GlobalSection(SolutionConfigurationPlatforms) = preSolution
		Debug|Any CPU = Debug|Any CPU
		Release|Any CPU = Release|Any CPU
	EndGlobalSection
	GlobalSection(ProjectConfigurationPlatforms) = postSolution
		{0C75D274-41DC-436C-8AA8-BC2D06758539}.Debug|Any CPU.ActiveCfg = Debug|Any CPU
		{0C75D274-41DC-436C-8AA8-BC2D06758539}.Debug|Any CPU.Build.0 = Debug|Any CPU
		{0C75D274-41DC-436C-8AA8-BC2D06758539}.Release|Any CPU.ActiveCfg = Release|Any CPU
		{0C75D274-41DC-436C-8AA8-BC2D06758539}.Release|Any CPU.Build.0 = Release|Any CPU
	EndGlobalSection
	GlobalSection(SolutionProperties) = preSolution
		HideSolutionNode = FALSE
	EndGlobalSection
	GlobalSection(ExtensibilityGlobals) = postSolution
		SolutionGuid = {939E0DCB-8C75-4D67-9F31-107DA44E08BC}
	EndGlobalSection
EndGlobal
